{
    "lockfile_version": "1.0",
    "created_at": "2026-08-10T03:52:47.466577+08:00",
    "invocation": {
        "command": "tb",
        "args": [
            "runs",
            "create",
            "--dataset-path",
            "E:\\project\\agent\\xiaopu\\..\\official_refs\\terminal-bench\\original-tasks",
            "--n-concurrent",
            "1",
            "--agent-import-path",
            "agent.terminal_bench_adapter:XiaopuTerminalAgent",
            "--model",
            "openai/deepseek-chat",
            "--agent-kwarg",
            "api_base=https://api.deepseek.com",
            "--agent-kwarg",
            "temperature=0.0",
            "--no-rebuild",
            "--no-cleanup",
            "--no-upload-results",
            "--output-path",
            "E:\\project\\agent\\xiaopu\\extract-safely",
            "--run-id",
            "fix-permissions",
            "--task-id",
            "hello-world"
        ]
    },
    "harness": {
        "package": "terminal-bench",
        "version": "0.2.18",
        "is_editable_installation": true
    },
    "agent": {
        "name": "xiaopu",
        "import_path": "agent.terminal_bench_adapter:XiaopuTerminalAgent",
        "model_name": "openai/deepseek-chat",
        "extra_kwargs": {
            "no_rebuild": true,
            "api_base": "https://api.deepseek.com",
            "temperature": 0.0,
            "model_name": "openai/deepseek-chat"
        }
    },
    "run_config": {
        "log_level": "info",
        "livestream": false,
        "n_concurrent_trials": 1,
        "n_attempts": 1,
        "no_rebuild": true,
        "cleanup": false,
        "global_timeout_multiplier": 1.0,
        "global_agent_timeout_sec": null,
        "global_test_timeout_sec": null
    },
    "dataset": {
        "name": null,
        "version": null,
        "local_path": "E:\\project\\agent\\xiaopu\\..\\official_refs\\terminal-bench\\original-tasks",
        "task_ids": [
            "hello-world"
        ],
        "registry_url": null,
        "local_registry_path": null
    },
    "local_config": {
        "output_path": "E:\\project\\agent\\xiaopu\\extract-safely",
        "run_id": "fix-permissions",
        "upload_results": false
    }
}